// !$*UTF8*$!
{
	archiveVersion = 1;
	classes = {
	};
	objectVersion = 56;
	objects = {

/* Begin PBXBuildFile section */
		B10000000000000000000001 /* AndroidEmulatorApp.swift in Sources */ = {isa = PBXBuildFile; fileRef = B10000000000000000000011 /* AndroidEmulatorApp.swift */; };
		B10000000000000000000002 /* AppDelegate.swift in Sources */ = {isa = PBXBuildFile; fileRef = B10000000000000000000012 /* AppDelegate.swift */; };
		B10000000000000000000003 /* AppIcon.icns in Resources */ = {isa = PBXBuildFile; fileRef = B10000000000000000000013 /* AppIcon.icns */; };
/* End PBXBuildFile section */

/* Begin PBXFileReference section */
		B1000000000000000000000F /* Android Emulator.app */ = {isa = PBXFileReference; explicitFileType = wrapper.application; includeInIndex = 0; path = "Android Emulator.app"; sourceTree = BUILT_PRODUCTS_DIR; };
		B10000000000000000000011 /* AndroidEmulatorApp.swift */ = {isa = PBXFileReference; lastKnownFileType = sourcecode.swift; path = AndroidEmulatorApp.swift; sourceTree = "<group>"; };
		B10000000000000000000012 /* AppDelegate.swift */ = {isa = PBXFileReference; lastKnownFileType = sourcecode.swift; path = AppDelegate.swift; sourceTree = "<group>"; };
		B10000000000000000000013 /* AppIcon.icns */ = {isa = PBXFileReference; lastKnownFileType = image.icns; path = AppIcon.icns; sourceTree = "<group>"; };
		B10000000000000000000014 /* Info.plist */ = {isa = PBXFileReference; lastKnownFileType = text.plist.xml; path = Info.plist; sourceTree = "<group>"; };
/* End PBXFileReference section */

/* Begin PBXFrameworksBuildPhase section */
		B1000000000000000000000C /* Frameworks */ = {
			isa = PBXFrameworksBuildPhase;
			buildActionMask = 2147483647;
			files = (
			);
			runOnlyForDeploymentPostprocessing = 0;
		};
/* End PBXFrameworksBuildPhase section */

/* Begin PBXGroup section */
		B10000000000000000000008 = {
			isa = PBXGroup;
			children = (
				B10000000000000000000010 /* AndroidEmulatorLauncher */,
				B1000000000000000000000E /* Products */,
			);
			sourceTree = "<group>";
		};
		B1000000000000000000000E /* Products */ = {
			isa = PBXGroup;
			children = (
				B1000000000000000000000F /* Android Emulator.app */,
			);
			name = Products;
			sourceTree = "<group>";
		};
		B10000000000000000000010 /* AndroidEmulatorLauncher */ = {
			isa = PBXGroup;
			children = (
				B10000000000000000000011 /* AndroidEmulatorApp.swift */,
				B10000000000000000000012 /* AppDelegate.swift */,
				B10000000000000000000013 /* AppIcon.icns */,
				B10000000000000000000014 /* Info.plist */,
			);
			path = AndroidEmulatorLauncher;
			sourceTree = "<group>";
		};
/* End PBXGroup section */

/* Begin PBXNativeTarget section */
		B10000000000000000000009 /* Android Emulator */ = {
			isa = PBXNativeTarget;
			buildConfigurationList = B1000000000000000000001A /* Build configuration list for PBXNativeTarget "Android Emulator" */;
			buildPhases = (
				B1000000000000000000000A /* Sources */,
				B1000000000000000000000C /* Frameworks */,
				B1000000000000000000000B /* Resources */,
			);
			buildRules = (
			);
			dependencies = (
			);
			name = "Android Emulator";
			productName = "Android Emulator";
			productReference = B1000000000000000000000F /* Android Emulator.app */;
			productType = "com.apple.product-type.application";
		};
/* End PBXNativeTarget section */

/* Begin PBXProject section */
		B10000000000000000000007 /* Project object */ = {
			isa = PBXProject;
			attributes = {
				BuildIndependentTargetsInParallel = 1;
				LastSwiftUpdateCheck = 2600;
				LastUpgradeCheck = 2600;
				TargetAttributes = {
					B10000000000000000000009 = {
						CreatedOnToolsVersion = 26.0;
					};
				};
			};
			buildConfigurationList = B10000000000000000000018 /* Build configuration list for PBXProject "AndroidEmulatorLauncher" */;
			compatibilityVersion = "Xcode 14.0";
			developmentRegion = en;
			hasScannedForEncodings = 0;
			knownRegions = (
				en,
				Base,
			);
			mainGroup = B10000000000000000000008;
			productRefGroup = B1000000000000000000000E /* Products */;
			projectDirPath = "";
			projectRoot = "";
			targets = (
				B10000000000000000000009 /* Android Emulator */,
			);
		};
/* End PBXProject section */

/* Begin PBXResourcesBuildPhase section */
		B1000000000000000000000B /* Resources */ = {
			isa = PBXResourcesBuildPhase;
			buildActionMask = 2147483647;
			files = (
				B10000000000000000000003 /* AppIcon.icns in Resources */,
			);
			runOnlyForDeploymentPostprocessing = 0;
		};
/* End PBXResourcesBuildPhase section */

/* Begin PBXSourcesBuildPhase section */
		B1000000000000000000000A /* Sources */ = {
			isa = PBXSourcesBuildPhase;
			buildActionMask = 2147483647;
			files = (
				B10000000000000000000001 /* AndroidEmulatorApp.swift in Sources */,
				B10000000000000000000002 /* AppDelegate.swift in Sources */,
			);
			runOnlyForDeploymentPostprocessing = 0;
		};
/* End PBXSourcesBuildPhase section */

/* Begin XCBuildConfiguration section */
		B1000000000000000000001B /* Debug */ = {
			isa = XCBuildConfiguration;
			buildSettings = {
				ALWAYS_SEARCH_USER_PATHS = NO;
				CLANG_ENABLE_MODULES = YES;
				CODE_SIGN_STYLE = Automatic;
				CURRENT_PROJECT_VERSION = 1;
				GENERATE_INFOPLIST_FILE = NO;
				INFOPLIST_FILE = AndroidEmulatorLauncher/Info.plist;
				MACOSX_DEPLOYMENT_TARGET = 13.0;
				PRODUCT_BUNDLE_IDENTIFIER = com.runwangguo.android-emulator-standard;
				PRODUCT_NAME = "Android Emulator";
				SDKROOT = macosx;
				SWIFT_ACTIVE_COMPILATION_CONDITIONS = "DEBUG $(inherited)";
				SWIFT_OPTIMIZATION_LEVEL = "-Onone";
				SWIFT_VERSION = 5.0;
			};
			name = Debug;
		};
		B1000000000000000000001C /* Release */ = {
			isa = XCBuildConfiguration;
			buildSettings = {
				ALWAYS_SEARCH_USER_PATHS = NO;
				CLANG_ENABLE_MODULES = YES;
				CODE_SIGN_STYLE = Automatic;
				CURRENT_PROJECT_VERSION = 1;
				GENERATE_INFOPLIST_FILE = NO;
				INFOPLIST_FILE = AndroidEmulatorLauncher/Info.plist;
				MACOSX_DEPLOYMENT_TARGET = 13.0;
				PRODUCT_BUNDLE_IDENTIFIER = com.runwangguo.android-emulator-standard;
				PRODUCT_NAME = "Android Emulator";
				SDKROOT = macosx;
				SWIFT_COMPILATION_MODE = wholemodule;
				SWIFT_VERSION = 5.0;
			};
			name = Release;
		};
		B1000000000000000000001D /* Debug */ = {
			isa = XCBuildConfiguration;
			buildSettings = {
				CODE_SIGN_STYLE = Automatic;
				CURRENT_PROJECT_VERSION = 1;
				GENERATE_INFOPLIST_FILE = NO;
				INFOPLIST_FILE = AndroidEmulatorLauncher/Info.plist;
				MACOSX_DEPLOYMENT_TARGET = 13.0;
				PRODUCT_BUNDLE_IDENTIFIER = com.runwangguo.android-emulator-standard;
				PRODUCT_NAME = "Android Emulator";
				SDKROOT = macosx;
				SWIFT_VERSION = 5.0;
			};
			name = Debug;
		};
		B1000000000000000000001E /* Release */ = {
			isa = XCBuildConfiguration;
			buildSettings = {
				CODE_SIGN_STYLE = Automatic;
				CURRENT_PROJECT_VERSION = 1;
				GENERATE_INFOPLIST_FILE = NO;
				INFOPLIST_FILE = AndroidEmulatorLauncher/Info.plist;
				MACOSX_DEPLOYMENT_TARGET = 13.0;
				PRODUCT_BUNDLE_IDENTIFIER = com.runwangguo.android-emulator-standard;
				PRODUCT_NAME = "Android Emulator";
				SDKROOT = macosx;
				SWIFT_VERSION = 5.0;
			};
			name = Release;
		};
/* End XCBuildConfiguration section */

/* Begin XCConfigurationList section */
		B10000000000000000000018 /* Build configuration list for PBXProject "AndroidEmulatorLauncher" */ = {
			isa = XCConfigurationList;
			buildConfigurations = (
				B1000000000000000000001B /* Debug */,
				B1000000000000000000001C /* Release */,
			);
			defaultConfigurationIsVisible = 0;
			defaultConfigurationName = Release;
		};
		B1000000000000000000001A /* Build configuration list for PBXNativeTarget "Android Emulator" */ = {
			isa = XCConfigurationList;
			buildConfigurations = (
				B1000000000000000000001D /* Debug */,
				B1000000000000000000001E /* Release */,
			);
			defaultConfigurationIsVisible = 0;
			defaultConfigurationName = Release;
		};
/* End XCConfigurationList section */
	};
	rootObject = B10000000000000000000007 /* Project object */;
}
